// !$*UTF8*$!
{
	archiveVersion = 1;
	classes = {
	};
	objectVersion = 46;
	objects = {

/* Begin PBXBuildFile section */
		192E0A7919E1E9C200DC2119 /* Z80.m in Sources */ = {isa = PBXBuildFile; fileRef = 192E0A7719E1E9C200DC2119 /* Z80.m */; };
		192E0A7D19E1F3D900DC2119 /* MMU.m in Sources */ = {isa = PBXBuildFile; fileRef = 192E0A7B19E1F3D900DC2119 /* MMU.m */; };
		192E0A8719E223B500DC2119 /* rom1.txt in Resources */ = {isa = PBXBuildFile; fileRef = 192E0A8519E223B500DC2119 /* rom1.txt */; };
		1984589C19E1DDDE00BA1362 /* main.m in Sources */ = {isa = PBXBuildFile; fileRef = 1984589B19E1DDDE00BA1362 /* main.m */; };
		1984589F19E1DDDE00BA1362 /* AppDelegate.m in Sources */ = {isa = PBXBuildFile; fileRef = 1984589E19E1DDDE00BA1362 /* AppDelegate.m */; };
		198458A219E1DDDE00BA1362 /* ViewController.m in Sources */ = {isa = PBXBuildFile; fileRef = 198458A119E1DDDE00BA1362 /* ViewController.m */; };
		198458A519E1DDDE00BA1362 /* Main.storyboard in Resources */ = {isa = PBXBuildFile; fileRef = 198458A319E1DDDE00BA1362 /* Main.storyboard */; };
		198458A719E1DDDE00BA1362 /* Images.xcassets in Resources */ = {isa = PBXBuildFile; fileRef = 198458A619E1DDDE00BA1362 /* Images.xcassets */; };
		198458AA19E1DDDE00BA1362 /* LaunchScreen.xib in Resources */ = {isa = PBXBuildFile; fileRef = 198458A819E1DDDE00BA1362 /* LaunchScreen.xib */; };
		198458B619E1DDDF00BA1362 /* RMBBoyTests.m in Sources */ = {isa = PBXBuildFile; fileRef = 198458B519E1DDDF00BA1362 /* RMBBoyTests.m */; };
/* End PBXBuildFile section */

/* Begin PBXContainerItemProxy section */
		198458B019E1DDDF00BA1362 /* PBXContainerItemProxy */ = {
			isa = PBXContainerItemProxy;
			containerPortal = 1984588E19E1DDDE00BA1362 /* Project object */;
			proxyType = 1;
			remoteGlobalIDString = 1984589519E1DDDE00BA1362;
			remoteInfo = RMBBoy;
		};
/* End PBXContainerItemProxy section */

/* Begin PBXFileReference section */
		192E0A7719E1E9C200DC2119 /* Z80.m */ = {isa = PBXFileReference; fileEncoding = 4; lastKnownFileType = sourcecode.c.objc; path = Z80.m; sourceTree = "<group>"; };
		192E0A7819E1E9C200DC2119 /* Z80.h */ = {isa = PBXFileReference; fileEncoding = 4; lastKnownFileType = sourcecode.c.h; path = Z80.h; sourceTree = "<group>"; };
		192E0A7B19E1F3D900DC2119 /* MMU.m */ = {isa = PBXFileReference; fileEncoding = 4; lastKnownFileType = sourcecode.c.objc; path = MMU.m; sourceTree = "<group>"; };
		192E0A7C19E1F3D900DC2119 /* MMU.h */ = {isa = PBXFileReference; fileEncoding = 4; lastKnownFileType = sourcecode.c.h; path = MMU.h; sourceTree = "<group>"; };
		192E0A8519E223B500DC2119 /* rom1.txt */ = {isa = PBXFileReference; fileEncoding = 4; lastKnownFileType = text; path = rom1.txt; sourceTree = "<group>"; };
		192E0A8919E2289C00DC2119 /* Z80_Instructions.h */ = {isa = PBXFileReference; lastKnownFileType = sourcecode.c.h; path = Z80_Instructions.h; sourceTree = "<group>"; };
		1984589619E1DDDE00BA1362 /* RMBBoy.app */ = {isa = PBXFileReference; explicitFileType = wrapper.application; includeInIndex = 0; path = RMBBoy.app; sourceTree = BUILT_PRODUCTS_DIR; };
		1984589A19E1DDDE00BA1362 /* Info.plist */ = {isa = PBXFileReference; lastKnownFileType = text.plist.xml; path = Info.plist; sourceTree = "<group>"; };
		1984589B19E1DDDE00BA1362 /* main.m */ = {isa = PBXFileReference; lastKnownFileType = sourcecode.c.objc; path = main.m; sourceTree = "<group>"; };
		1984589D19E1DDDE00BA1362 /* AppDelegate.h */ = {isa = PBXFileReference; lastKnownFileType = sourcecode.c.h; path = AppDelegate.h; sourceTree = "<group>"; };
		1984589E19E1DDDE00BA1362 /* AppDelegate.m */ = {isa = PBXFileReference; lastKnownFileType = sourcecode.c.objc; path = AppDelegate.m; sourceTree = "<group>"; };
		198458A019E1DDDE00BA1362 /* ViewController.h */ = {isa = PBXFileReference; lastKnownFileType = sourcecode.c.h; path = ViewController.h; sourceTree = "<group>"; };
		198458A119E1DDDE00BA1362 /* ViewController.m */ = {isa = PBXFileReference; lastKnownFileType = sourcecode.c.objc; path = ViewController.m; sourceTree = "<group>"; };
		198458A419E1DDDE00BA1362 /* Base */ = {isa = PBXFileReference; lastKnownFileType = file.storyboard; name = Base; path = Base.lproj/Main.storyboard; sourceTree = "<group>"; };
		198458A619E1DDDE00BA1362 /* Images.xcassets */ = {isa = PBXFileReference; lastKnownFileType = folder.assetcatalog; path = Images.xcassets; sourceTree = "<group>"; };
		198458A919E1DDDE00BA1362 /* Base */ = {isa = PBXFileReference; lastKnownFileType = file.xib; name = Base; path = Base.lproj/LaunchScreen.xib; sourceTree = "<group>"; };
		198458AF19E1DDDE00BA1362 /* RMBBoyTests.xctest */ = {isa = PBXFileReference; explicitFileType = wrapper.cfbundle; includeInIndex = 0; path = RMBBoyTests.xctest; sourceTree = BUILT_PRODUCTS_DIR; };
		198458B419E1DDDF00BA1362 /* Info.plist */ = {isa = PBXFileReference; lastKnownFileType = text.plist.xml; path = Info.plist; sourceTree = "<group>"; };
		198458B519E1DDDF00BA1362 /* RMBBoyTests.m */ = {isa = PBXFileReference; lastKnownFileType = sourcecode.c.objc; path = RMBBoyTests.m; sourceTree = "<group>"; };
/* End PBXFileReference section */

/* Begin PBXFrameworksBuildPhase section */
		1984589319E1DDDE00BA1362 /* Frameworks */ = {
			isa = PBXFrameworksBuildPhase;
			buildActionMask = 2147483647;
			files = (
			);
			runOnlyForDeploymentPostprocessing = 0;
		};
		198458AC19E1DDDE00BA1362 /* Frameworks */ = {
			isa = PBXFrameworksBuildPhase;
			buildActionMask = 2147483647;
			files = (
			);
			runOnlyForDeploymentPostprocessing = 0;
		};
/* End PBXFrameworksBuildPhase section */

/* Begin PBXGroup section */
		192E0A7A19E1F3C900DC2119 /* Emulator */ = {
			isa = PBXGroup;
			children = (
				192E0A8919E2289C00DC2119 /* Z80_Instructions.h */,
				192E0A7719E1E9C200DC2119 /* Z80.m */,
				192E0A7819E1E9C200DC2119 /* Z80.h */,
				192E0A7B19E1F3D900DC2119 /* MMU.m */,
				192E0A7C19E1F3D900DC2119 /* MMU.h */,
				192E0A8519E223B500DC2119 /* rom1.txt */,
			);
			name = Emulator;
			sourceTree = "<group>";
		};
		1984588D19E1DDDE00BA1362 = {
			isa = PBXGroup;
			children = (
				1984589819E1DDDE00BA1362 /* RMBBoy */,
				198458B219E1DDDF00BA1362 /* RMBBoyTests */,
				1984589719E1DDDE00BA1362 /* Products */,
			);
			sourceTree = "<group>";
		};
		1984589719E1DDDE00BA1362 /* Products */ = {
			isa = PBXGroup;
			children = (
				1984589619E1DDDE00BA1362 /* RMBBoy.app */,
				198458AF19E1DDDE00BA1362 /* RMBBoyTests.xctest */,
			);
			name = Products;
			sourceTree = "<group>";
		};
		1984589819E1DDDE00BA1362 /* RMBBoy */ = {
			isa = PBXGroup;
			children = (
				192E0A7A19E1F3C900DC2119 /* Emulator */,
				1984589D19E1DDDE00BA1362 /* AppDelegate.h */,
				1984589E19E1DDDE00BA1362 /* AppDelegate.m */,
				198458A019E1DDDE00BA1362 /* ViewController.h */,
				198458A119E1DDDE00BA1362 /* ViewController.m */,
				198458A319E1DDDE00BA1362 /* Main.storyboard */,
				198458A619E1DDDE00BA1362 /* Images.xcassets */,
				198458A819E1DDDE00BA1362 /* LaunchScreen.xib */,
				1984589919E1DDDE00BA1362 /* Supporting Files */,
			);
			path = RMBBoy;
			sourceTree = "<group>";
		};
		1984589919E1DDDE00BA1362 /* Supporting Files */ = {
			isa = PBXGroup;
			children = (
				1984589A19E1DDDE00BA1362 /* Info.plist */,
				1984589B19E1DDDE00BA1362 /* main.m */,
			);
			name = "Supporting Files";
			sourceTree = "<group>";
		};
		198458B219E1DDDF00BA1362 /* RMBBoyTests */ = {
			isa = PBXGroup;
			children = (
				198458B519E1DDDF00BA1362 /* RMBBoyTests.m */,
				198458B319E1DDDF00BA1362 /* Supporting Files */,
			);
			path = RMBBoyTests;
			sourceTree = "<group>";
		};
		198458B319E1DDDF00BA1362 /* Supporting Files */ = {
			isa = PBXGroup;
			children = (
				198458B419E1DDDF00BA1362 /* Info.plist */,
			);
			name = "Supporting Files";
			sourceTree = "<group>";
		};
/* End PBXGroup section */

/* Begin PBXNativeTarget section */
		1984589519E1DDDE00BA1362 /* RMBBoy */ = {
			isa = PBXNativeTarget;
			buildConfigurationList = 198458B919E1DDDF00BA1362 /* Build configuration list for PBXNativeTarget "RMBBoy" */;
			buildPhases = (
				1984589219E1DDDE00BA1362 /* Sources */,
				1984589319E1DDDE00BA1362 /* Frameworks */,
				1984589419E1DDDE00BA1362 /* Resources */,
			);
			buildRules = (
			);
			dependencies = (
			);
			name = RMBBoy;
			productName = RMBBoy;
			productReference = 1984589619E1DDDE00BA1362 /* RMBBoy.app */;
			productType = "com.apple.product-type.application";
		};
		198458AE19E1DDDE00BA1362 /* RMBBoyTests */ = {
			isa = PBXNativeTarget;
			buildConfigurationList = 198458BC19E1DDDF00BA1362 /* Build configuration list for PBXNativeTarget "RMBBoyTests" */;
			buildPhases = (
				198458AB19E1DDDE00BA1362 /* Sources */,
				198458AC19E1DDDE00BA1362 /* Frameworks */,
				198458AD19E1DDDE00BA1362 /* Resources */,
			);
			buildRules = (
			);
			dependencies = (
				198458B119E1DDDF00BA1362 /* PBXTargetDependency */,
			);
			name = RMBBoyTests;
			productName = RMBBoyTests;
			productReference = 198458AF19E1DDDE00BA1362 /* RMBBoyTests.xctest */;
			productType = "com.apple.product-type.bundle.unit-test";
		};
/* End PBXNativeTarget section */

/* Begin PBXProject section */
		1984588E19E1DDDE00BA1362 /* Project object */ = {
			isa = PBXProject;
			attributes = {
				LastUpgradeCheck = 0600;
				ORGANIZATIONNAME = "Rick Buczynski";
				TargetAttributes = {
					1984589519E1DDDE00BA1362 = {
						CreatedOnToolsVersion = 6.0.1;
					};
					198458AE19E1DDDE00BA1362 = {
						CreatedOnToolsVersion = 6.0.1;
						TestTargetID = 1984589519E1DDDE00BA1362;
					};
				};
			};
			buildConfigurationList = 1984589119E1DDDE00BA1362 /* Build configuration list for PBXProject "RMBBoy" */;
			compatibilityVersion = "Xcode 3.2";
			developmentRegion = English;
			hasScannedForEncodings = 0;
			knownRegions = (
				en,
				Base,
			);
			mainGroup = 1984588D19E1DDDE00BA1362;
			productRefGroup = 1984589719E1DDDE00BA1362 /* Products */;
			projectDirPath = "";
			projectRoot = "";
			targets = (
				1984589519E1DDDE00BA1362 /* RMBBoy */,
				198458AE19E1DDDE00BA1362 /* RMBBoyTests */,
			);
		};
/* End PBXProject section */

/* Begin PBXResourcesBuildPhase section */
		1984589419E1DDDE00BA1362 /* Resources */ = {
			isa = PBXResourcesBuildPhase;
			buildActionMask = 2147483647;
			files = (
				198458A519E1DDDE00BA1362 /* Main.storyboard in Resources */,
				192E0A8719E223B500DC2119 /* rom1.txt in Resources */,
				198458AA19E1DDDE00BA1362 /* LaunchScreen.xib in Resources */,
				198458A719E1DDDE00BA1362 /* Images.xcassets in Resources */,
			);
			runOnlyForDeploymentPostprocessing = 0;
		};
		198458AD19E1DDDE00BA1362 /* Resources */ = {
			isa = PBXResourcesBuildPhase;
			buildActionMask = 2147483647;
			files = (
			);
			runOnlyForDeploymentPostprocessing = 0;
		};
/* End PBXResourcesBuildPhase section */

/* Begin PBXSourcesBuildPhase section */
		1984589219E1DDDE00BA1362 /* Sources */ = {
			isa = PBXSourcesBuildPhase;
			buildActionMask = 2147483647;
			files = (
				192E0A7919E1E9C200DC2119 /* Z80.m in Sources */,
				198458A219E1DDDE00BA1362 /* ViewController.m in Sources */,
				192E0A7D19E1F3D900DC2119 /* MMU.m in Sources */,
				1984589F19E1DDDE00BA1362 /* AppDelegate.m in Sources */,
				1984589C19E1DDDE00BA1362 /* main.m in Sources */,
			);
			runOnlyForDeploymentPostprocessing = 0;
		};
		198458AB19E1DDDE00BA1362 /* Sources */ = {
			isa = PBXSourcesBuildPhase;
			buildActionMask = 2147483647;
			files = (
				198458B619E1DDDF00BA1362 /* RMBBoyTests.m in Sources */,
			);
			runOnlyForDeploymentPostprocessing = 0;
		};
/* End PBXSourcesBuildPhase section */

/* Begin PBXTargetDependency section */
		198458B119E1DDDF00BA1362 /* PBXTargetDependency */ = {
			isa = PBXTargetDependency;
			target = 1984589519E1DDDE00BA1362 /* RMBBoy */;
			targetProxy = 198458B019E1DDDF00BA1362 /* PBXContainerItemProxy */;
		};
/* End PBXTargetDependency section */

/* Begin PBXVariantGroup section */
		198458A319E1DDDE00BA1362 /* Main.storyboard */ = {
			isa = PBXVariantGroup;
			children = (
				198458A419E1DDDE00BA1362 /* Base */,
			);
			name = Main.storyboard;
			sourceTree = "<group>";
		};
		198458A819E1DDDE00BA1362 /* LaunchScreen.xib */ = {
			isa = PBXVariantGroup;
			children = (
				198458A919E1DDDE00BA1362 /* Base */,
			);
			name = LaunchScreen.xib;
			sourceTree = "<group>";
		};
/* End PBXVariantGroup section */

/* Begin XCBuildConfiguration section */
		198458B719E1DDDF00BA1362 /* Debug */ = {
			isa = XCBuildConfiguration;
			buildSettings = {
				ALWAYS_SEARCH_USER_PATHS = NO;
				CLANG_CXX_LANGUAGE_STANDARD = "gnu++0x";
				CLANG_CXX_LIBRARY = "libc++";
				CLANG_ENABLE_MODULES = YES;
				CLANG_ENABLE_OBJC_ARC = YES;
				CLANG_WARN_BOOL_CONVERSION = YES;
				CLANG_WARN_CONSTANT_CONVERSION = YES;
				CLANG_WARN_DIRECT_OBJC_ISA_USAGE = YES_ERROR;
				CLANG_WARN_EMPTY_BODY = YES;
				CLANG_WARN_ENUM_CONVERSION = YES;
				CLANG_WARN_INT_CONVERSION = YES;
				CLANG_WARN_OBJC_ROOT_CLASS = YES_ERROR;
				CLANG_WARN_UNREACHABLE_CODE = YES;
				CLANG_WARN__DUPLICATE_METHOD_MATCH = YES;
				"CODE_SIGN_IDENTITY[sdk=iphoneos*]" = "iPhone Developer";
				COPY_PHASE_STRIP = NO;
				ENABLE_STRICT_OBJC_MSGSEND = YES;
				GCC_C_LANGUAGE_STANDARD = gnu99;
				GCC_DYNAMIC_NO_PIC = NO;
				GCC_OPTIMIZATION_LEVEL = 0;
				GCC_PREPROCESSOR_DEFINITIONS = (
					"DEBUG=1",
					"$(inherited)",
				);
				GCC_SYMBOLS_PRIVATE_EXTERN = NO;
				GCC_WARN_64_TO_32_BIT_CONVERSION = YES;
				GCC_WARN_ABOUT_RETURN_TYPE = YES_ERROR;
				GCC_WARN_UNDECLARED_SELECTOR = YES;
				GCC_WARN_UNINITIALIZED_AUTOS = YES_AGGRESSIVE;
				GCC_WARN_UNUSED_FUNCTION = YES;
				GCC_WARN_UNUSED_VARIABLE = YES;
				IPHONEOS_DEPLOYMENT_TARGET = 8.0;
				MTL_ENABLE_DEBUG_INFO = YES;
				ONLY_ACTIVE_ARCH = YES;
				SDKROOT = iphoneos;
			};
			name = Debug;
		};
		198458B819E1DDDF00BA1362 /* Release */ = {
			isa = XCBuildConfiguration;
			buildSettings = {
				ALWAYS_SEARCH_USER_PATHS = NO;
				CLANG_CXX_LANGUAGE_STANDARD = "gnu++0x";
				CLANG_CXX_LIBRARY = "libc++";
				CLANG_ENABLE_MODULES = YES;
				CLANG_ENABLE_OBJC_ARC = YES;
				CLANG_WARN_BOOL_CONVERSION = YES;
				CLANG_WARN_CONSTANT_CONVERSION = YES;
				CLANG_WARN_DIRECT_OBJC_ISA_USAGE = YES_ERROR;
				CLANG_WARN_EMPTY_BODY = YES;
				CLANG_WARN_ENUM_CONVERSION = YES;
				CLANG_WARN_INT_CONVERSION = YES;
				CLANG_WARN_OBJC_ROOT_CLASS = YES_ERROR;
				CLANG_WARN_UNREACHABLE_CODE = YES;
				CLANG_WARN__DUPLICATE_METHOD_MATCH = YES;
				"CODE_SIGN_IDENTITY[sdk=iphoneos*]" = "iPhone Developer";
				COPY_PHASE_STRIP = YES;
				ENABLE_NS_ASSERTIONS = NO;
				ENABLE_STRICT_OBJC_MSGSEND = YES;
				GCC_C_LANGUAGE_STANDARD = gnu99;
				GCC_WARN_64_TO_32_BIT_CONVERSION = YES;
				GCC_WARN_ABOUT_RETURN_TYPE = YES_ERROR;
				GCC_WARN_UNDECLARED_SELECTOR = YES;
				GCC_WARN_UNINITIALIZED_AUTOS = YES_AGGRESSIVE;
				GCC_WARN_UNUSED_FUNCTION = YES;
				GCC_WARN_UNUSED_VARIABLE = YES;
				IPHONEOS_DEPLOYMENT_TARGET = 8.0;
				MTL_ENABLE_DEBUG_INFO = NO;
				SDKROOT = iphoneos;
				VALIDATE_PRODUCT = YES;
			};
			name = Release;
		};
		198458BA19E1DDDF00BA1362 /* Debug */ = {
			isa = XCBuildConfiguration;
			buildSettings = {
				ASSETCATALOG_COMPILER_APPICON_NAME = AppIcon;
				INFOPLIST_FILE = RMBBoy/Info.plist;
				LD_RUNPATH_SEARCH_PATHS = "$(inherited) @executable_path/Frameworks";
				PRODUCT_NAME = "$(TARGET_NAME)";
				TARGETED_DEVICE_FAMILY = "1,2";
			};
			name = Debug;
		};
		198458BB19E1DDDF00BA1362 /* Release */ = {
			isa = XCBuildConfiguration;
			buildSettings = {
				ASSETCATALOG_COMPILER_APPICON_NAME = AppIcon;
				INFOPLIST_FILE = RMBBoy/Info.plist;
				LD_RUNPATH_SEARCH_PATHS = "$(inherited) @executable_path/Frameworks";
				PRODUCT_NAME = "$(TARGET_NAME)";
				TARGETED_DEVICE_FAMILY = "1,2";
			};
			name = Release;
		};
		198458BD19E1DDDF00BA1362 /* Debug */ = {
			isa = XCBuildConfiguration;
			buildSettings = {
				BUNDLE_LOADER = "$(TEST_HOST)";
				FRAMEWORK_SEARCH_PATHS = (
					"$(SDKROOT)/Developer/Library/Frameworks",
					"$(inherited)",
				);
				GCC_PREPROCESSOR_DEFINITIONS = (
					"DEBUG=1",
					"$(inherited)",
				);
				INFOPLIST_FILE = RMBBoyTests/Info.plist;
				LD_RUNPATH_SEARCH_PATHS = "$(inherited) @executable_path/Frameworks @loader_path/Frameworks";
				PRODUCT_NAME = "$(TARGET_NAME)";
				TEST_HOST = "$(BUILT_PRODUCTS_DIR)/RMBBoy.app/RMBBoy";
			};
			name = Debug;
		};
		198458BE19E1DDDF00BA1362 /* Release */ = {
			isa = XCBuildConfiguration;
			buildSettings = {
				BUNDLE_LOADER = "$(TEST_HOST)";
				FRAMEWORK_SEARCH_PATHS = (
					"$(SDKROOT)/Developer/Library/Frameworks",
					"$(inherited)",
				);
				INFOPLIST_FILE = RMBBoyTests/Info.plist;
				LD_RUNPATH_SEARCH_PATHS = "$(inherited) @executable_path/Frameworks @loader_path/Frameworks";
				PRODUCT_NAME = "$(TARGET_NAME)";
				TEST_HOST = "$(BUILT_PRODUCTS_DIR)/RMBBoy.app/RMBBoy";
			};
			name = Release;
		};
/* End XCBuildConfiguration section */

/* Begin XCConfigurationList section */
		1984589119E1DDDE00BA1362 /* Build configuration list for PBXProject "RMBBoy" */ = {
			isa = XCConfigurationList;
			buildConfigurations = (
				198458B719E1DDDF00BA1362 /* Debug */,
				198458B819E1DDDF00BA1362 /* Release */,
			);
			defaultConfigurationIsVisible = 0;
			defaultConfigurationName = Release;
		};
		198458B919E1DDDF00BA1362 /* Build configuration list for PBXNativeTarget "RMBBoy" */ = {
			isa = XCConfigurationList;
			buildConfigurations = (
				198458BA19E1DDDF00BA1362 /* Debug */,
				198458BB19E1DDDF00BA1362 /* Release */,
			);
			defaultConfigurationIsVisible = 0;
			defaultConfigurationName = Release;
		};
		198458BC19E1DDDF00BA1362 /* Build configuration list for PBXNativeTarget "RMBBoyTests" */ = {
			isa = XCConfigurationList;
			buildConfigurations = (
				198458BD19E1DDDF00BA1362 /* Debug */,
				198458BE19E1DDDF00BA1362 /* Release */,
			);
			defaultConfigurationIsVisible = 0;
			defaultConfigurationName = Release;
		};
/* End XCConfigurationList section */
	};
	rootObject = 1984588E19E1DDDE00BA1362 /* Project object */;
}
